<?xml version="1.0" encoding="utf-8"?>
<Project ToolsVersion="4.0" xmlns="http://schemas.microsoft.com/developer/msbuild/2003">
  <ItemGroup>
    <Filter Include="Source">
      <UniqueIdentifier>{4FC737F1-C7A5-4376-A066-2A32D752A2FF}</UniqueIdentifier>
      <Extensions>cpp;c;cc;cxx;c++;cppm;ixx;def;odl;idl;hpj;bat;asm;asmx</Extensions>
    </Filter>
    <Filter Include="Source\Win32">
      <UniqueIdentifier>{42f045ca-1413-4cea-bd85-325dfbaf52c8}</UniqueIdentifier>
    </Filter>
    <Filter Include="Source\D3D12">
      <UniqueIdentifier>{ef33c247-6108-45a1-b34e-3f5401ce67e4}</UniqueIdentifier>
    </Filter>
    <Filter Include="Source\HLSL">
      <UniqueIdentifier>{d032ca6a-7ba0-40d1-b8e4-957ec6064558}</UniqueIdentifier>
    </Filter>
  </ItemGroup>
  <ItemGroup>
    <ClInclude Include="..\..\Source\CoreApp.h">
      <Filter>Source</Filter>
    </ClInclude>
    <ClInclude Include="..\..\Source\Platform.h">
      <Filter>Source</Filter>
    </ClInclude>
    <ClInclude Include="..\..\Source\Win32\Debug.h">
      <Filter>Source\Win32</Filter>
    </ClInclude>
    <ClInclude Include="..\..\Source\Win32\String.h">
      <Filter>Source\Win32</Filter>
    </ClInclude>
    <ClInclude Include="..\..\Source\Win32\Win32App.h">
      <Filter>Source\Win32</Filter>
    </ClInclude>
    <ClInclude Include="..\..\Source\D3D12\D3D12ConstantBufferApp.h">
      <Filter>Source\D3D12</Filter>
    </ClInclude>
    <ClInclude Include="..\..\Source\D3D12\D3D12App.h">
      <Filter>Source\D3D12</Filter>
    </ClInclude>
  </ItemGroup>
  <ItemGroup>
    <ClCompile Include="..\..\Source\Win32\String.cpp">
      <Filter>Source\Win32</Filter>
    </ClCompile>
    <ClCompile Include="..\..\Source\Win32\Win32App.cpp">
      <Filter>Source\Win32</Filter>
    </ClCompile>
    <ClCompile Include="..\..\Source\Win32\WinMain.cpp">
      <Filter>Source\Win32</Filter>
    </ClCompile>
    <ClCompile Include="..\..\Source\D3D12\D3D12ConstantBufferApp.cpp">
      <Filter>Source\D3D12</Filter>
    </ClCompile>
    <ClCompile Include="..\..\Source\D3D12\D3D12App.cpp">
      <Filter>Source\D3D12</Filter>
    </ClCompile>
  </ItemGroup>
  <ItemGroup>
    <FxCompile Include="..\..\Source\HLSL\PositionColor_ps.hlsl">
      <Filter>Source\HLSL</Filter>
    </FxCompile>
    <FxCompile Include="..\..\Source\HLSL\PositionColor1_vs.hlsl">
      <Filter>Source\HLSL</Filter>
    </FxCompile>
  </ItemGroup>
</Project>