<?xml version="1.0" encoding="utf-8"?>
<Project ToolsVersion="4.0" xmlns="http://schemas.microsoft.com/developer/msbuild/2003">
  <ItemGroup>
    <Filter Include="Source">
      <UniqueIdentifier>{4FC737F1-C7A5-4376-A066-2A32D752A2FF}</UniqueIdentifier>
      <Extensions>cpp;c;cc;cxx;c++;cppm;ixx;def;odl;idl;hpj;bat;asm;asmx</Extensions>
    </Filter>
    <Filter Include="Source\Win32">
      <UniqueIdentifier>{0f0b90fe-47a1-4514-a959-dda53cde0a16}</UniqueIdentifier>
    </Filter>
    <Filter Include="Source\D3D12">
      <UniqueIdentifier>{273ae75d-c729-456c-8820-e90f4227c073}</UniqueIdentifier>
    </Filter>
    <Filter Include="Source\HLSL">
      <UniqueIdentifier>{fb3cc7f3-909d-4d30-aff9-480368945956}</UniqueIdentifier>
    </Filter>
  </ItemGroup>
  <ItemGroup>
    <ClInclude Include="..\..\Source\CoreApp.h">
      <Filter>Source</Filter>
    </ClInclude>
    <ClInclude Include="..\..\Source\Platform.h">
      <Filter>Source</Filter>
    </ClInclude>
    <ClInclude Include="..\..\Source\Win32\Debug.h">
      <Filter>Source\Win32</Filter>
    </ClInclude>
    <ClInclude Include="..\..\Source\Win32\Image.h">
      <Filter>Source\Win32</Filter>
    </ClInclude>
    <ClInclude Include="..\..\Source\Win32\String.h">
      <Filter>Source\Win32</Filter>
    </ClInclude>
    <ClInclude Include="..\..\Source\Win32\Win32App.h">
      <Filter>Source\Win32</Filter>
    </ClInclude>
    <ClInclude Include="..\..\Source\D3D12\D3D12App.h">
      <Filter>Source\D3D12</Filter>
    </ClInclude>
    <ClInclude Include="..\..\Source\DDS.h">
      <Filter>Source</Filter>
    </ClInclude>
    <ClInclude Include="..\..\Source\D3D12\D3D12DDSTextureApp.h">
      <Filter>Source\D3D12</Filter>
    </ClInclude>
  </ItemGroup>
  <ItemGroup>
    <ClCompile Include="..\..\Source\Win32\Image.cpp">
      <Filter>Source\Win32</Filter>
    </ClCompile>
    <ClCompile Include="..\..\Source\Win32\String.cpp">
      <Filter>Source\Win32</Filter>
    </ClCompile>
    <ClCompile Include="..\..\Source\Win32\Win32App.cpp">
      <Filter>Source\Win32</Filter>
    </ClCompile>
    <ClCompile Include="..\..\Source\Win32\WinMain.cpp">
      <Filter>Source\Win32</Filter>
    </ClCompile>
    <ClCompile Include="..\..\Source\D3D12\D3D12App.cpp">
      <Filter>Source\D3D12</Filter>
    </ClCompile>
    <ClCompile Include="..\..\Source\D3D12\D3D12DDSTextureApp.cpp">
      <Filter>Source\D3D12</Filter>
    </ClCompile>
  </ItemGroup>
  <ItemGroup>
    <FxCompile Include="..\..\Source\HLSL\PositionTexcoord_ps.hlsl">
      <Filter>Source\HLSL</Filter>
    </FxCompile>
    <FxCompile Include="..\..\Source\HLSL\PositionTexcoord_vs.hlsl">
      <Filter>Source\HLSL</Filter>
    </FxCompile>
  </ItemGroup>
</Project>