<?xml version="1.0" encoding="utf-8"?>
<Project ToolsVersion="4.0" xmlns="http://schemas.microsoft.com/developer/msbuild/2003">
  <ItemGroup>
    <Filter Include="Source">
      <UniqueIdentifier>{4FC737F1-C7A5-4376-A066-2A32D752A2FF}</UniqueIdentifier>
      <Extensions>cpp;c;cc;cxx;c++;cppm;ixx;def;odl;idl;hpj;bat;asm;asmx</Extensions>
    </Filter>
    <Filter Include="Source\D3D11">
      <UniqueIdentifier>{d3913bba-6d8f-43c9-80aa-b24a0b5abc7a}</UniqueIdentifier>
    </Filter>
    <Filter Include="Source\D3D12">
      <UniqueIdentifier>{916c7c8c-6d56-487e-aa0a-5982226fa4ec}</UniqueIdentifier>
    </Filter>
    <Filter Include="External">
      <UniqueIdentifier>{949c2a35-ab0b-4de0-9b7c-e04128175d97}</UniqueIdentifier>
    </Filter>
    <Filter Include="External\ImGui">
      <UniqueIdentifier>{838fe2a0-16ec-496c-a26d-fdd9ad5f9613}</UniqueIdentifier>
    </Filter>
    <Filter Include="External\ImGui\backends">
      <UniqueIdentifier>{8b3841c2-0c08-47b2-bebd-fdfa1490302e}</UniqueIdentifier>
    </Filter>
  </ItemGroup>
  <ItemGroup>
    <ClCompile Include="WinMain.cpp">
      <Filter>Source</Filter>
    </ClCompile>
    <ClCompile Include="Win32App.cpp">
      <Filter>Source</Filter>
    </ClCompile>
    <ClCompile Include="External\ImGui\imgui.cpp">
      <Filter>External\ImGui</Filter>
    </ClCompile>
    <ClCompile Include="External\ImGui\imgui_demo.cpp">
      <Filter>External\ImGui</Filter>
    </ClCompile>
    <ClCompile Include="External\ImGui\imgui_draw.cpp">
      <Filter>External\ImGui</Filter>
    </ClCompile>
    <ClCompile Include="External\ImGui\imgui_tables.cpp">
      <Filter>External\ImGui</Filter>
    </ClCompile>
    <ClCompile Include="External\ImGui\imgui_widgets.cpp">
      <Filter>External\ImGui</Filter>
    </ClCompile>
    <ClCompile Include="External\ImGui\backends\imgui_impl_dx11.cpp">
      <Filter>External\ImGui\backends</Filter>
    </ClCompile>
    <ClCompile Include="External\ImGui\backends\imgui_impl_dx12.cpp">
      <Filter>External\ImGui\backends</Filter>
    </ClCompile>
    <ClCompile Include="External\ImGui\backends\imgui_impl_win32.cpp">
      <Filter>External\ImGui\backends</Filter>
    </ClCompile>
    <ClCompile Include="D3D11\D3D11App.cpp">
      <Filter>Source\D3D11</Filter>
    </ClCompile>
    <ClCompile Include="D3D12\D3D12App.cpp">
      <Filter>Source\D3D12</Filter>
    </ClCompile>
    <ClCompile Include="D3D12\D3D12ImGuiApp.cpp">
      <Filter>Source\D3D12</Filter>
    </ClCompile>
    <ClCompile Include="D3D11\D3D11ImGuiApp.cpp">
      <Filter>Source\D3D11</Filter>
    </ClCompile>
  </ItemGroup>
  <ItemGroup>
    <ClInclude Include="Win32App.h">
      <Filter>Source</Filter>
    </ClInclude>
    <ClInclude Include="CoreApp.h">
      <Filter>Source</Filter>
    </ClInclude>
    <ClInclude Include="External\ImGui\imconfig.h">
      <Filter>External\ImGui</Filter>
    </ClInclude>
    <ClInclude Include="External\ImGui\imgui.h">
      <Filter>External\ImGui</Filter>
    </ClInclude>
    <ClInclude Include="External\ImGui\imgui_internal.h">
      <Filter>External\ImGui</Filter>
    </ClInclude>
    <ClInclude Include="External\ImGui\imstb_rectpack.h">
      <Filter>External\ImGui</Filter>
    </ClInclude>
    <ClInclude Include="External\ImGui\imstb_textedit.h">
      <Filter>External\ImGui</Filter>
    </ClInclude>
    <ClInclude Include="External\ImGui\imstb_truetype.h">
      <Filter>External\ImGui</Filter>
    </ClInclude>
    <ClInclude Include="External\ImGui\backends\imgui_impl_dx11.h">
      <Filter>External\ImGui\backends</Filter>
    </ClInclude>
    <ClInclude Include="External\ImGui\backends\imgui_impl_dx12.h">
      <Filter>External\ImGui\backends</Filter>
    </ClInclude>
    <ClInclude Include="External\ImGui\backends\imgui_impl_win32.h">
      <Filter>External\ImGui\backends</Filter>
    </ClInclude>
    <ClInclude Include="D3D11\D3D11App.h">
      <Filter>Source\D3D11</Filter>
    </ClInclude>
    <ClInclude Include="D3D12\D3D12App.h">
      <Filter>Source\D3D12</Filter>
    </ClInclude>
    <ClInclude Include="D3D12\D3D12ImGuiApp.h">
      <Filter>Source\D3D12</Filter>
    </ClInclude>
    <ClInclude Include="D3D11\D3D11ImGuiApp.h">
      <Filter>Source\D3D11</Filter>
    </ClInclude>
    <ClInclude Include="Debug.h">
      <Filter>Source</Filter>
    </ClInclude>
  </ItemGroup>
</Project>